{
  "name": "@hytopia.com/assets",
  "version": "0.3.2",
  "lockfileVersion": 3,
  "requires": true,
  "packages": {
    "": {
      "name": "@hytopia.com/assets",
      "version": "0.3.2",
      "license": "SEE LICENSE IN LICENSE.md",
      "dependencies": {
        "@hytopia.com/assets": "file:"
      }
    },
    "node_modules/@hytopia.com/assets": {
      "resolved": "",
      "link": true
    }
  }
}
